// !$*UTF8*$!
{
	archiveVersion = 1;
	classes = {
	};
	objectVersion = 50;
	objects = {

/* Begin PBXBuildFile section */
		4C73292B234DC9110072404B /* AppDelegate.swift in Sources */ = {isa = PBXBuildFile; fileRef = 4C73292A234DC9110072404B /* AppDelegate.swift */; };
		4C73292D234DC9110072404B /* ChooseFolderView.swift in Sources */ = {isa = PBXBuildFile; fileRef = 4C73292C234DC9110072404B /* ChooseFolderView.swift */; };
		4C73292F234DC9130072404B /* Assets.xcassets in Resources */ = {isa = PBXBuildFile; fileRef = 4C73292E234DC9130072404B /* Assets.xcassets */; };
		4C732932234DC9130072404B /* Preview Assets.xcassets in Resources */ = {isa = PBXBuildFile; fileRef = 4C732931234DC9130072404B /* Preview Assets.xcassets */; };
		4C732935234DC9130072404B /* Main.storyboard in Resources */ = {isa = PBXBuildFile; fileRef = 4C732933234DC9130072404B /* Main.storyboard */; };
		4C73293E234DD3210072404B /* MainView.swift in Sources */ = {isa = PBXBuildFile; fileRef = 4C73293D234DD3210072404B /* MainView.swift */; };
		4CE859942355D3C10034F458 /* ImageListView.swift in Sources */ = {isa = PBXBuildFile; fileRef = 4CE859932355D3C10034F458 /* ImageListView.swift */; };
		4CE859962355DD5A0034F458 /* ImageAnnotatorView.swift in Sources */ = {isa = PBXBuildFile; fileRef = 4CE859952355DD5A0034F458 /* ImageAnnotatorView.swift */; };
		4CE85998235613330034F458 /* DataProvider.swift in Sources */ = {isa = PBXBuildFile; fileRef = 4CE85997235613330034F458 /* DataProvider.swift */; };
/* End PBXBuildFile section */

/* Begin PBXFileReference section */
		4C19B4C2235639610026670E /* README.md */ = {isa = PBXFileReference; lastKnownFileType = net.daringfireball.markdown; path = README.md; sourceTree = "<group>"; };
		4C732927234DC9110072404B /* CornerAnnotator.app */ = {isa = PBXFileReference; explicitFileType = wrapper.application; includeInIndex = 0; path = CornerAnnotator.app; sourceTree = BUILT_PRODUCTS_DIR; };
		4C73292A234DC9110072404B /* AppDelegate.swift */ = {isa = PBXFileReference; lastKnownFileType = sourcecode.swift; path = AppDelegate.swift; sourceTree = "<group>"; };
		4C73292C234DC9110072404B /* ChooseFolderView.swift */ = {isa = PBXFileReference; lastKnownFileType = sourcecode.swift; path = ChooseFolderView.swift; sourceTree = "<group>"; };
		4C73292E234DC9130072404B /* Assets.xcassets */ = {isa = PBXFileReference; lastKnownFileType = folder.assetcatalog; path = Assets.xcassets; sourceTree = "<group>"; };
		4C732931234DC9130072404B /* Preview Assets.xcassets */ = {isa = PBXFileReference; lastKnownFileType = folder.assetcatalog; path = "Preview Assets.xcassets"; sourceTree = "<group>"; };
		4C732934234DC9130072404B /* Base */ = {isa = PBXFileReference; lastKnownFileType = file.storyboard; name = Base; path = Base.lproj/Main.storyboard; sourceTree = "<group>"; };
		4C732936234DC9130072404B /* Info.plist */ = {isa = PBXFileReference; lastKnownFileType = text.plist.xml; path = Info.plist; sourceTree = "<group>"; };
		4C732937234DC9130072404B /* CornerAnnotator.entitlements */ = {isa = PBXFileReference; lastKnownFileType = text.plist.entitlements; path = CornerAnnotator.entitlements; sourceTree = "<group>"; };
		4C73293D234DD3210072404B /* MainView.swift */ = {isa = PBXFileReference; lastKnownFileType = sourcecode.swift; path = MainView.swift; sourceTree = "<group>"; };
		4CE859932355D3C10034F458 /* ImageListView.swift */ = {isa = PBXFileReference; lastKnownFileType = sourcecode.swift; path = ImageListView.swift; sourceTree = "<group>"; };
		4CE859952355DD5A0034F458 /* ImageAnnotatorView.swift */ = {isa = PBXFileReference; lastKnownFileType = sourcecode.swift; path = ImageAnnotatorView.swift; sourceTree = "<group>"; };
		4CE85997235613330034F458 /* DataProvider.swift */ = {isa = PBXFileReference; lastKnownFileType = sourcecode.swift; path = DataProvider.swift; sourceTree = "<group>"; };
/* End PBXFileReference section */

/* Begin PBXFrameworksBuildPhase section */
		4C732924234DC9110072404B /* Frameworks */ = {
			isa = PBXFrameworksBuildPhase;
			buildActionMask = 2147483647;
			files = (
			);
			runOnlyForDeploymentPostprocessing = 0;
		};
/* End PBXFrameworksBuildPhase section */

/* Begin PBXGroup section */
		4C73291E234DC9110072404B = {
			isa = PBXGroup;
			children = (
				4C732929234DC9110072404B /* CornerAnnotator */,
				4C732928234DC9110072404B /* Products */,
			);
			sourceTree = "<group>";
		};
		4C732928234DC9110072404B /* Products */ = {
			isa = PBXGroup;
			children = (
				4C732927234DC9110072404B /* CornerAnnotator.app */,
			);
			name = Products;
			sourceTree = "<group>";
		};
		4C732929234DC9110072404B /* CornerAnnotator */ = {
			isa = PBXGroup;
			children = (
				4C73292A234DC9110072404B /* AppDelegate.swift */,
				4C73293D234DD3210072404B /* MainView.swift */,
				4CE859932355D3C10034F458 /* ImageListView.swift */,
				4CE85997235613330034F458 /* DataProvider.swift */,
				4CE859952355DD5A0034F458 /* ImageAnnotatorView.swift */,
				4C73292C234DC9110072404B /* ChooseFolderView.swift */,
				4C73292E234DC9130072404B /* Assets.xcassets */,
				4C732933234DC9130072404B /* Main.storyboard */,
				4C732936234DC9130072404B /* Info.plist */,
				4C732937234DC9130072404B /* CornerAnnotator.entitlements */,
				4C732930234DC9130072404B /* Preview Content */,
				4C19B4C2235639610026670E /* README.md */,
			);
			path = CornerAnnotator;
			sourceTree = "<group>";
		};
		4C732930234DC9130072404B /* Preview Content */ = {
			isa = PBXGroup;
			children = (
				4C732931234DC9130072404B /* Preview Assets.xcassets */,
			);
			path = "Preview Content";
			sourceTree = "<group>";
		};
/* End PBXGroup section */

/* Begin PBXNativeTarget section */
		4C732926234DC9110072404B /* CornerAnnotator */ = {
			isa = PBXNativeTarget;
			buildConfigurationList = 4C73293A234DC9130072404B /* Build configuration list for PBXNativeTarget "CornerAnnotator" */;
			buildPhases = (
				4C732923234DC9110072404B /* Sources */,
				4C732924234DC9110072404B /* Frameworks */,
				4C732925234DC9110072404B /* Resources */,
			);
			buildRules = (
			);
			dependencies = (
			);
			name = CornerAnnotator;
			productName = CornerAnnotator;
			productReference = 4C732927234DC9110072404B /* CornerAnnotator.app */;
			productType = "com.apple.product-type.application";
		};
/* End PBXNativeTarget section */

/* Begin PBXProject section */
		4C73291F234DC9110072404B /* Project object */ = {
			isa = PBXProject;
			attributes = {
				LastSwiftUpdateCheck = 1110;
				LastUpgradeCheck = 1110;
				ORGANIZATIONNAME = "Magnus Jensen";
				TargetAttributes = {
					4C732926234DC9110072404B = {
						CreatedOnToolsVersion = 11.1;
					};
				};
			};
			buildConfigurationList = 4C732922234DC9110072404B /* Build configuration list for PBXProject "CornerAnnotator" */;
			compatibilityVersion = "Xcode 9.3";
			developmentRegion = en;
			hasScannedForEncodings = 0;
			knownRegions = (
				en,
				Base,
			);
			mainGroup = 4C73291E234DC9110072404B;
			productRefGroup = 4C732928234DC9110072404B /* Products */;
			projectDirPath = "";
			projectRoot = "";
			targets = (
				4C732926234DC9110072404B /* CornerAnnotator */,
			);
		};
/* End PBXProject section */

/* Begin PBXResourcesBuildPhase section */
		4C732925234DC9110072404B /* Resources */ = {
			isa = PBXResourcesBuildPhase;
			buildActionMask = 2147483647;
			files = (
				4C732935234DC9130072404B /* Main.storyboard in Resources */,
				4C732932234DC9130072404B /* Preview Assets.xcassets in Resources */,
				4C73292F234DC9130072404B /* Assets.xcassets in Resources */,
			);
			runOnlyForDeploymentPostprocessing = 0;
		};
/* End PBXResourcesBuildPhase section */

/* Begin PBXSourcesBuildPhase section */
		4C732923234DC9110072404B /* Sources */ = {
			isa = PBXSourcesBuildPhase;
			buildActionMask = 2147483647;
			files = (
				4C73292D234DC9110072404B /* ChooseFolderView.swift in Sources */,
				4CE85998235613330034F458 /* DataProvider.swift in Sources */,
				4CE859942355D3C10034F458 /* ImageListView.swift in Sources */,
				4C73293E234DD3210072404B /* MainView.swift in Sources */,
				4CE859962355DD5A0034F458 /* ImageAnnotatorView.swift in Sources */,
				4C73292B234DC9110072404B /* AppDelegate.swift in Sources */,
			);
			runOnlyForDeploymentPostprocessing = 0;
		};
/* End PBXSourcesBuildPhase section */

/* Begin PBXVariantGroup section */
		4C732933234DC9130072404B /* Main.storyboard */ = {
			isa = PBXVariantGroup;
			children = (
				4C732934234DC9130072404B /* Base */,
			);
			name = Main.storyboard;
			sourceTree = "<group>";
		};
/* End PBXVariantGroup section */

/* Begin XCBuildConfiguration section */
		4C732938234DC9130072404B /* Debug */ = {
			isa = XCBuildConfiguration;
			buildSettings = {
				ALWAYS_SEARCH_USER_PATHS = NO;
				CLANG_ANALYZER_NONNULL = YES;
				CLANG_ANALYZER_NUMBER_OBJECT_CONVERSION = YES_AGGRESSIVE;
				CLANG_CXX_LANGUAGE_STANDARD = "gnu++14";
				CLANG_CXX_LIBRARY = "libc++";
				CLANG_ENABLE_MODULES = YES;
				CLANG_ENABLE_OBJC_ARC = YES;
				CLANG_ENABLE_OBJC_WEAK = YES;
				CLANG_WARN_BLOCK_CAPTURE_AUTORELEASING = YES;
				CLANG_WARN_BOOL_CONVERSION = YES;
				CLANG_WARN_COMMA = YES;
				CLANG_WARN_CONSTANT_CONVERSION = YES;
				CLANG_WARN_DEPRECATED_OBJC_IMPLEMENTATIONS = YES;
				CLANG_WARN_DIRECT_OBJC_ISA_USAGE = YES_ERROR;
				CLANG_WARN_DOCUMENTATION_COMMENTS = YES;
				CLANG_WARN_EMPTY_BODY = YES;
				CLANG_WARN_ENUM_CONVERSION = YES;
				CLANG_WARN_INFINITE_RECURSION = YES;
				CLANG_WARN_INT_CONVERSION = YES;
				CLANG_WARN_NON_LITERAL_NULL_CONVERSION = YES;
				CLANG_WARN_OBJC_IMPLICIT_RETAIN_SELF = YES;
				CLANG_WARN_OBJC_LITERAL_CONVERSION = YES;
				CLANG_WARN_OBJC_ROOT_CLASS = YES_ERROR;
				CLANG_WARN_RANGE_LOOP_ANALYSIS = YES;
				CLANG_WARN_STRICT_PROTOTYPES = YES;
				CLANG_WARN_SUSPICIOUS_MOVE = YES;
				CLANG_WARN_UNGUARDED_AVAILABILITY = YES_AGGRESSIVE;
				CLANG_WARN_UNREACHABLE_CODE = YES;
				CLANG_WARN__DUPLICATE_METHOD_MATCH = YES;
				COPY_PHASE_STRIP = NO;
				DEBUG_INFORMATION_FORMAT = dwarf;
				ENABLE_STRICT_OBJC_MSGSEND = YES;
				ENABLE_TESTABILITY = YES;
				GCC_C_LANGUAGE_STANDARD = gnu11;
				GCC_DYNAMIC_NO_PIC = NO;
				GCC_NO_COMMON_BLOCKS = YES;
				GCC_OPTIMIZATION_LEVEL = 0;
				GCC_PREPROCESSOR_DEFINITIONS = (
					"DEBUG=1",
					"$(inherited)",
				);
				GCC_WARN_64_TO_32_BIT_CONVERSION = YES;
				GCC_WARN_ABOUT_RETURN_TYPE = YES_ERROR;
				GCC_WARN_UNDECLARED_SELECTOR = YES;
				GCC_WARN_UNINITIALIZED_AUTOS = YES_AGGRESSIVE;
				GCC_WARN_UNUSED_FUNCTION = YES;
				GCC_WARN_UNUSED_VARIABLE = YES;
				MACOSX_DEPLOYMENT_TARGET = 10.15;
				MTL_ENABLE_DEBUG_INFO = INCLUDE_SOURCE;
				MTL_FAST_MATH = YES;
				ONLY_ACTIVE_ARCH = YES;
				SDKROOT = macosx;
				SWIFT_ACTIVE_COMPILATION_CONDITIONS = DEBUG;
				SWIFT_OPTIMIZATION_LEVEL = "-Onone";
			};
			name = Debug;
		};
		4C732939234DC9130072404B /* Release */ = {
			isa = XCBuildConfiguration;
			buildSettings = {
				ALWAYS_SEARCH_USER_PATHS = NO;
				CLANG_ANALYZER_NONNULL = YES;
				CLANG_ANALYZER_NUMBER_OBJECT_CONVERSION = YES_AGGRESSIVE;
				CLANG_CXX_LANGUAGE_STANDARD = "gnu++14";
				CLANG_CXX_LIBRARY = "libc++";
				CLANG_ENABLE_MODULES = YES;
				CLANG_ENABLE_OBJC_ARC = YES;
				CLANG_ENABLE_OBJC_WEAK = YES;
				CLANG_WARN_BLOCK_CAPTURE_AUTORELEASING = YES;
				CLANG_WARN_BOOL_CONVERSION = YES;
				CLANG_WARN_COMMA = YES;
				CLANG_WARN_CONSTANT_CONVERSION = YES;
				CLANG_WARN_DEPRECATED_OBJC_IMPLEMENTATIONS = YES;
				CLANG_WARN_DIRECT_OBJC_ISA_USAGE = YES_ERROR;
				CLANG_WARN_DOCUMENTATION_COMMENTS = YES;
				CLANG_WARN_EMPTY_BODY = YES;
				CLANG_WARN_ENUM_CONVERSION = YES;
				CLANG_WARN_INFINITE_RECURSION = YES;
				CLANG_WARN_INT_CONVERSION = YES;
				CLANG_WARN_NON_LITERAL_NULL_CONVERSION = YES;
				CLANG_WARN_OBJC_IMPLICIT_RETAIN_SELF = YES;
				CLANG_WARN_OBJC_LITERAL_CONVERSION = YES;
				CLANG_WARN_OBJC_ROOT_CLASS = YES_ERROR;
				CLANG_WARN_RANGE_LOOP_ANALYSIS = YES;
				CLANG_WARN_STRICT_PROTOTYPES = YES;
				CLANG_WARN_SUSPICIOUS_MOVE = YES;
				CLANG_WARN_UNGUARDED_AVAILABILITY = YES_AGGRESSIVE;
				CLANG_WARN_UNREACHABLE_CODE = YES;
				CLANG_WARN__DUPLICATE_METHOD_MATCH = YES;
				COPY_PHASE_STRIP = NO;
				DEBUG_INFORMATION_FORMAT = "dwarf-with-dsym";
				ENABLE_NS_ASSERTIONS = NO;
				ENABLE_STRICT_OBJC_MSGSEND = YES;
				GCC_C_LANGUAGE_STANDARD = gnu11;
				GCC_NO_COMMON_BLOCKS = YES;
				GCC_WARN_64_TO_32_BIT_CONVERSION = YES;
				GCC_WARN_ABOUT_RETURN_TYPE = YES_ERROR;
				GCC_WARN_UNDECLARED_SELECTOR = YES;
				GCC_WARN_UNINITIALIZED_AUTOS = YES_AGGRESSIVE;
				GCC_WARN_UNUSED_FUNCTION = YES;
				GCC_WARN_UNUSED_VARIABLE = YES;
				MACOSX_DEPLOYMENT_TARGET = 10.15;
				MTL_ENABLE_DEBUG_INFO = NO;
				MTL_FAST_MATH = YES;
				SDKROOT = macosx;
				SWIFT_COMPILATION_MODE = wholemodule;
				SWIFT_OPTIMIZATION_LEVEL = "-O";
			};
			name = Release;
		};
		4C73293B234DC9130072404B /* Debug */ = {
			isa = XCBuildConfiguration;
			buildSettings = {
				ASSETCATALOG_COMPILER_APPICON_NAME = AppIcon;
				CODE_SIGN_ENTITLEMENTS = CornerAnnotator/CornerAnnotator.entitlements;
				CODE_SIGN_STYLE = Automatic;
				COMBINE_HIDPI_IMAGES = YES;
				DEVELOPMENT_ASSET_PATHS = "\"CornerAnnotator/Preview Content\"";
				DEVELOPMENT_TEAM = 29RJCX35A7;
				ENABLE_HARDENED_RUNTIME = YES;
				ENABLE_PREVIEWS = YES;
				INFOPLIST_FILE = CornerAnnotator/Info.plist;
				LD_RUNPATH_SEARCH_PATHS = (
					"$(inherited)",
					"@executable_path/../Frameworks",
				);
				MACOSX_DEPLOYMENT_TARGET = 10.15;
				PRODUCT_BUNDLE_IDENTIFIER = com.magnuskahr.CornerAnnotator;
				PRODUCT_NAME = "$(TARGET_NAME)";
				SWIFT_VERSION = 5.0;
			};
			name = Debug;
		};
		4C73293C234DC9130072404B /* Release */ = {
			isa = XCBuildConfiguration;
			buildSettings = {
				ASSETCATALOG_COMPILER_APPICON_NAME = AppIcon;
				CODE_SIGN_ENTITLEMENTS = CornerAnnotator/CornerAnnotator.entitlements;
				CODE_SIGN_STYLE = Automatic;
				COMBINE_HIDPI_IMAGES = YES;
				DEVELOPMENT_ASSET_PATHS = "\"CornerAnnotator/Preview Content\"";
				DEVELOPMENT_TEAM = 29RJCX35A7;
				ENABLE_HARDENED_RUNTIME = YES;
				ENABLE_PREVIEWS = YES;
				INFOPLIST_FILE = CornerAnnotator/Info.plist;
				LD_RUNPATH_SEARCH_PATHS = (
					"$(inherited)",
					"@executable_path/../Frameworks",
				);
				MACOSX_DEPLOYMENT_TARGET = 10.15;
				PRODUCT_BUNDLE_IDENTIFIER = com.magnuskahr.CornerAnnotator;
				PRODUCT_NAME = "$(TARGET_NAME)";
				SWIFT_VERSION = 5.0;
			};
			name = Release;
		};
/* End XCBuildConfiguration section */

/* Begin XCConfigurationList section */
		4C732922234DC9110072404B /* Build configuration list for PBXProject "CornerAnnotator" */ = {
			isa = XCConfigurationList;
			buildConfigurations = (
				4C732938234DC9130072404B /* Debug */,
				4C732939234DC9130072404B /* Release */,
			);
			defaultConfigurationIsVisible = 0;
			defaultConfigurationName = Release;
		};
		4C73293A234DC9130072404B /* Build configuration list for PBXNativeTarget "CornerAnnotator" */ = {
			isa = XCConfigurationList;
			buildConfigurations = (
				4C73293B234DC9130072404B /* Debug */,
				4C73293C234DC9130072404B /* Release */,
			);
			defaultConfigurationIsVisible = 0;
			defaultConfigurationName = Release;
		};
/* End XCConfigurationList section */
	};
	rootObject = 4C73291F234DC9110072404B /* Project object */;
}
